
Microsoft Visual Studio Solution File, Format Version 12.00
# Visual Studio Version 16
VisualStudioVersion = 16.0.30406.217
MinimumVisualStudioVersion = 15.0.26124.0
Project("{2150E333-8FDC-42A3-9474-1A3956D46DE8}") = "src", "src", "{CCE3200D-9DF6-4D93-85AD-3ED7A6216579}"
EndProject
Project("{2150E333-8FDC-42A3-9474-1A3956D46DE8}") = "Core", "Core", "{4A6AB182-5339-413C-80E8-A9E03CB12740}"
EndProject
Project("{9A19103F-16F7-4668-BE54-9A1E7A4F7556}") = "Pantheon.Core", "src\Core\Pantheon.Core\Pantheon.Core.csproj", "{4210961F-2821-43EC-8936-2EF6A467B33A}"
EndProject
Project("{2150E333-8FDC-42A3-9474-1A3956D46DE8}") = "Infrastructure", "Infrastructure", "{176AE002-6F0D-40B1-ABA2-0CE533A5A126}"
EndProject
Project("{9A19103F-16F7-4668-BE54-9A1E7A4F7556}") = "Pantheon.Infrastructure", "src\Infrastructure\Pantheon.Infrastructure\Pantheon.Infrastructure.csproj", "{53BBF281-653C-4601-83C4-8AED3DCAD9A4}"
EndProject
Project("{2150E333-8FDC-42A3-9474-1A3956D46DE8}") = "Services", "Services", "{93A5B5B6-F7E1-4A9E-85B7-202CF20CC6DE}"
EndProject
Project("{9A19103F-16F7-4668-BE54-9A1E7A4F7556}") = "Hermes.API", "src\Services\Hermes.API\Hermes.API.csproj", "{FFF3A0B2-9928-4F1D-8DC0-17BE14FBBAAA}"
EndProject
Project("{2150E333-8FDC-42A3-9474-1A3956D46DE8}") = "Web", "Web", "{B9090D11-6083-4277-A05B-E65E0D76353A}"
EndProject
Project("{9A19103F-16F7-4668-BE54-9A1E7A4F7556}") = "Vulcan.Web", "src\Web\Vulcan.Web\Vulcan.Web.csproj", "{8A59845A-6BEB-4837-8E88-1B050B747111}"
EndProject
Project("{2150E333-8FDC-42A3-9474-1A3956D46DE8}") = "IdentityServer", "IdentityServer", "{36EB77A2-592E-4E9F-92B8-06B4048BC163}"
EndProject
Project("{9A19103F-16F7-4668-BE54-9A1E7A4F7556}") = "Pantheon.Identity", "src\Infrastructure\Pantheon.Identity\Pantheon.Identity.csproj", "{E15AE0B5-AA9C-46E6-A62F-DB0F569DA355}"
EndProject
Project("{FAE04EC0-301F-11D3-BF4B-00C04F79EFBC}") = "Pantheon.IdentityServer", "src\IdentityServer\Pantheon.IdentityServer\Pantheon.IdentityServer.csproj", "{DA658DF6-4404-4C3C-9541-B7FB5DB3E02E}"
EndProject
Global
	GlobalSection(SolutionConfigurationPlatforms) = preSolution
		Debug|Any CPU = Debug|Any CPU
		Debug|x64 = Debug|x64
		Debug|x86 = Debug|x86
		Release|Any CPU = Release|Any CPU
		Release|x64 = Release|x64
		Release|x86 = Release|x86
	EndGlobalSection
	GlobalSection(ProjectConfigurationPlatforms) = postSolution
		{4210961F-2821-43EC-8936-2EF6A467B33A}.Debug|Any CPU.ActiveCfg = Debug|Any CPU
		{4210961F-2821-43EC-8936-2EF6A467B33A}.Debug|Any CPU.Build.0 = Debug|Any CPU
		{4210961F-2821-43EC-8936-2EF6A467B33A}.Debug|x64.ActiveCfg = Debug|Any CPU
		{4210961F-2821-43EC-8936-2EF6A467B33A}.Debug|x64.Build.0 = Debug|Any CPU
		{4210961F-2821-43EC-8936-2EF6A467B33A}.Debug|x86.ActiveCfg = Debug|Any CPU
		{4210961F-2821-43EC-8936-2EF6A467B33A}.Debug|x86.Build.0 = Debug|Any CPU
		{4210961F-2821-43EC-8936-2EF6A467B33A}.Release|Any CPU.ActiveCfg = Release|Any CPU
		{4210961F-2821-43EC-8936-2EF6A467B33A}.Release|Any CPU.Build.0 = Release|Any CPU
		{4210961F-2821-43EC-8936-2EF6A467B33A}.Release|x64.ActiveCfg = Release|Any CPU
		{4210961F-2821-43EC-8936-2EF6A467B33A}.Release|x64.Build.0 = Release|Any CPU
		{4210961F-2821-43EC-8936-2EF6A467B33A}.Release|x86.ActiveCfg = Release|Any CPU
		{4210961F-2821-43EC-8936-2EF6A467B33A}.Release|x86.Build.0 = Release|Any CPU
		{53BBF281-653C-4601-83C4-8AED3DCAD9A4}.Debug|Any CPU.ActiveCfg = Debug|Any CPU
		{53BBF281-653C-4601-83C4-8AED3DCAD9A4}.Debug|Any CPU.Build.0 = Debug|Any CPU
		{53BBF281-653C-4601-83C4-8AED3DCAD9A4}.Debug|x64.ActiveCfg = Debug|Any CPU
		{53BBF281-653C-4601-83C4-8AED3DCAD9A4}.Debug|x64.Build.0 = Debug|Any CPU
		{53BBF281-653C-4601-83C4-8AED3DCAD9A4}.Debug|x86.ActiveCfg = Debug|Any CPU
		{53BBF281-653C-4601-83C4-8AED3DCAD9A4}.Debug|x86.Build.0 = Debug|Any CPU
		{53BBF281-653C-4601-83C4-8AED3DCAD9A4}.Release|Any CPU.ActiveCfg = Release|Any CPU
		{53BBF281-653C-4601-83C4-8AED3DCAD9A4}.Release|Any CPU.Build.0 = Release|Any CPU
		{53BBF281-653C-4601-83C4-8AED3DCAD9A4}.Release|x64.ActiveCfg = Release|Any CPU
		{53BBF281-653C-4601-83C4-8AED3DCAD9A4}.Release|x64.Build.0 = Release|Any CPU
		{53BBF281-653C-4601-83C4-8AED3DCAD9A4}.Release|x86.ActiveCfg = Release|Any CPU
		{53BBF281-653C-4601-83C4-8AED3DCAD9A4}.Release|x86.Build.0 = Release|Any CPU
		{FFF3A0B2-9928-4F1D-8DC0-17BE14FBBAAA}.Debug|Any CPU.ActiveCfg = Debug|Any CPU
		{FFF3A0B2-9928-4F1D-8DC0-17BE14FBBAAA}.Debug|Any CPU.Build.0 = Debug|Any CPU
		{FFF3A0B2-9928-4F1D-8DC0-17BE14FBBAAA}.Debug|x64.ActiveCfg = Debug|Any CPU
		{FFF3A0B2-9928-4F1D-8DC0-17BE14FBBAAA}.Debug|x64.Build.0 = Debug|Any CPU
		{FFF3A0B2-9928-4F1D-8DC0-17BE14FBBAAA}.Debug|x86.ActiveCfg = Debug|Any CPU
		{FFF3A0B2-9928-4F1D-8DC0-17BE14FBBAAA}.Debug|x86.Build.0 = Debug|Any CPU
		{FFF3A0B2-9928-4F1D-8DC0-17BE14FBBAAA}.Release|Any CPU.ActiveCfg = Release|Any CPU
		{FFF3A0B2-9928-4F1D-8DC0-17BE14FBBAAA}.Release|Any CPU.Build.0 = Release|Any CPU
		{FFF3A0B2-9928-4F1D-8DC0-17BE14FBBAAA}.Release|x64.ActiveCfg = Release|Any CPU
		{FFF3A0B2-9928-4F1D-8DC0-17BE14FBBAAA}.Release|x64.Build.0 = Release|Any CPU
		{FFF3A0B2-9928-4F1D-8DC0-17BE14FBBAAA}.Release|x86.ActiveCfg = Release|Any CPU
		{FFF3A0B2-9928-4F1D-8DC0-17BE14FBBAAA}.Release|x86.Build.0 = Release|Any CPU
		{8A59845A-6BEB-4837-8E88-1B050B747111}.Debug|Any CPU.ActiveCfg = Debug|Any CPU
		{8A59845A-6BEB-4837-8E88-1B050B747111}.Debug|Any CPU.Build.0 = Debug|Any CPU
		{8A59845A-6BEB-4837-8E88-1B050B747111}.Debug|x64.ActiveCfg = Debug|Any CPU
		{8A59845A-6BEB-4837-8E88-1B050B747111}.Debug|x64.Build.0 = Debug|Any CPU
		{8A59845A-6BEB-4837-8E88-1B050B747111}.Debug|x86.ActiveCfg = Debug|Any CPU
		{8A59845A-6BEB-4837-8E88-1B050B747111}.Debug|x86.Build.0 = Debug|Any CPU
		{8A59845A-6BEB-4837-8E88-1B050B747111}.Release|Any CPU.ActiveCfg = Release|Any CPU
		{8A59845A-6BEB-4837-8E88-1B050B747111}.Release|Any CPU.Build.0 = Release|Any CPU
		{8A59845A-6BEB-4837-8E88-1B050B747111}.Release|x64.ActiveCfg = Release|Any CPU
		{8A59845A-6BEB-4837-8E88-1B050B747111}.Release|x64.Build.0 = Release|Any CPU
		{8A59845A-6BEB-4837-8E88-1B050B747111}.Release|x86.ActiveCfg = Release|Any CPU
		{8A59845A-6BEB-4837-8E88-1B050B747111}.Release|x86.Build.0 = Release|Any CPU
		{E15AE0B5-AA9C-46E6-A62F-DB0F569DA355}.Debug|Any CPU.ActiveCfg = Debug|Any CPU
		{E15AE0B5-AA9C-46E6-A62F-DB0F569DA355}.Debug|Any CPU.Build.0 = Debug|Any CPU
		{E15AE0B5-AA9C-46E6-A62F-DB0F569DA355}.Debug|x64.ActiveCfg = Debug|Any CPU
		{E15AE0B5-AA9C-46E6-A62F-DB0F569DA355}.Debug|x64.Build.0 = Debug|Any CPU
		{E15AE0B5-AA9C-46E6-A62F-DB0F569DA355}.Debug|x86.ActiveCfg = Debug|Any CPU
		{E15AE0B5-AA9C-46E6-A62F-DB0F569DA355}.Debug|x86.Build.0 = Debug|Any CPU
		{E15AE0B5-AA9C-46E6-A62F-DB0F569DA355}.Release|Any CPU.ActiveCfg = Release|Any CPU
		{E15AE0B5-AA9C-46E6-A62F-DB0F569DA355}.Release|Any CPU.Build.0 = Release|Any CPU
		{E15AE0B5-AA9C-46E6-A62F-DB0F569DA355}.Release|x64.ActiveCfg = Release|Any CPU
		{E15AE0B5-AA9C-46E6-A62F-DB0F569DA355}.Release|x64.Build.0 = Release|Any CPU
		{E15AE0B5-AA9C-46E6-A62F-DB0F569DA355}.Release|x86.ActiveCfg = Release|Any CPU
		{E15AE0B5-AA9C-46E6-A62F-DB0F569DA355}.Release|x86.Build.0 = Release|Any CPU
		{DA658DF6-4404-4C3C-9541-B7FB5DB3E02E}.Debug|Any CPU.ActiveCfg = Debug|Any CPU
		{DA658DF6-4404-4C3C-9541-B7FB5DB3E02E}.Debug|Any CPU.Build.0 = Debug|Any CPU
		{DA658DF6-4404-4C3C-9541-B7FB5DB3E02E}.Debug|x64.ActiveCfg = Debug|Any CPU
		{DA658DF6-4404-4C3C-9541-B7FB5DB3E02E}.Debug|x64.Build.0 = Debug|Any CPU
		{DA658DF6-4404-4C3C-9541-B7FB5DB3E02E}.Debug|x86.ActiveCfg = Debug|Any CPU
		{DA658DF6-4404-4C3C-9541-B7FB5DB3E02E}.Debug|x86.Build.0 = Debug|Any CPU
		{DA658DF6-4404-4C3C-9541-B7FB5DB3E02E}.Release|Any CPU.ActiveCfg = Release|Any CPU
		{DA658DF6-4404-4C3C-9541-B7FB5DB3E02E}.Release|Any CPU.Build.0 = Release|Any CPU
		{DA658DF6-4404-4C3C-9541-B7FB5DB3E02E}.Release|x64.ActiveCfg = Release|Any CPU
		{DA658DF6-4404-4C3C-9541-B7FB5DB3E02E}.Release|x64.Build.0 = Release|Any CPU
		{DA658DF6-4404-4C3C-9541-B7FB5DB3E02E}.Release|x86.ActiveCfg = Release|Any CPU
		{DA658DF6-4404-4C3C-9541-B7FB5DB3E02E}.Release|x86.Build.0 = Release|Any CPU
	EndGlobalSection
	GlobalSection(SolutionProperties) = preSolution
		HideSolutionNode = FALSE
	EndGlobalSection
	GlobalSection(NestedProjects) = preSolution
		{4A6AB182-5339-413C-80E8-A9E03CB12740} = {CCE3200D-9DF6-4D93-85AD-3ED7A6216579}
		{4210961F-2821-43EC-8936-2EF6A467B33A} = {4A6AB182-5339-413C-80E8-A9E03CB12740}
		{176AE002-6F0D-40B1-ABA2-0CE533A5A126} = {CCE3200D-9DF6-4D93-85AD-3ED7A6216579}
		{53BBF281-653C-4601-83C4-8AED3DCAD9A4} = {176AE002-6F0D-40B1-ABA2-0CE533A5A126}
		{93A5B5B6-F7E1-4A9E-85B7-202CF20CC6DE} = {CCE3200D-9DF6-4D93-85AD-3ED7A6216579}
		{FFF3A0B2-9928-4F1D-8DC0-17BE14FBBAAA} = {93A5B5B6-F7E1-4A9E-85B7-202CF20CC6DE}
		{B9090D11-6083-4277-A05B-E65E0D76353A} = {CCE3200D-9DF6-4D93-85AD-3ED7A6216579}
		{8A59845A-6BEB-4837-8E88-1B050B747111} = {B9090D11-6083-4277-A05B-E65E0D76353A}
		{36EB77A2-592E-4E9F-92B8-06B4048BC163} = {CCE3200D-9DF6-4D93-85AD-3ED7A6216579}
		{E15AE0B5-AA9C-46E6-A62F-DB0F569DA355} = {176AE002-6F0D-40B1-ABA2-0CE533A5A126}
		{DA658DF6-4404-4C3C-9541-B7FB5DB3E02E} = {36EB77A2-592E-4E9F-92B8-06B4048BC163}
	EndGlobalSection
	GlobalSection(ExtensibilityGlobals) = postSolution
		SolutionGuid = {5FE7E788-9875-4875-B002-CE5579C1E801}
	EndGlobalSection
EndGlobal
