
Microsoft Visual Studio Solution File, Format Version 12.00
# Visual Studio Version 16
VisualStudioVersion = 16.0.30330.147
MinimumVisualStudioVersion = 15.0.26124.0
Project("{2150E333-8FDC-42A3-9474-1A3956D46DE8}") = "src", "src", "{ACDD6628-8866-475C-9746-74E84A108BA4}"
EndProject
Project("{2150E333-8FDC-42A3-9474-1A3956D46DE8}") = "Core", "Core", "{3CF29844-1C7B-4E9F-A9FA-E1CD32C1757B}"
EndProject
Project("{9A19103F-16F7-4668-BE54-9A1E7A4F7556}") = "Nubles.Core", "src\Core\Nubles.Core\Nubles.Core.csproj", "{B02301F2-4775-4D52-BA7B-B364A3521DC6}"
EndProject
Project("{2150E333-8FDC-42A3-9474-1A3956D46DE8}") = "Infrastructure", "Infrastructure", "{73F0C72F-6D67-4776-8A6F-DA37B220B129}"
EndProject
Project("{9A19103F-16F7-4668-BE54-9A1E7A4F7556}") = "Nubles.Infrastructure", "src\Infrastructure\Nubles.Infrastructure\Nubles.Infrastructure.csproj", "{C63B00A7-BF67-44D2-8A93-50BA1F2D1907}"
EndProject
Project("{2150E333-8FDC-42A3-9474-1A3956D46DE8}") = "Services", "Services", "{4266A9A1-D609-4012-9217-047CF39AB4EC}"
EndProject
Project("{9A19103F-16F7-4668-BE54-9A1E7A4F7556}") = "Hermes.API", "src\Services\Hermes.API\Hermes.API.csproj", "{9639142E-0084-4362-89D2-6F3151B9D2B3}"
EndProject
Project("{2150E333-8FDC-42A3-9474-1A3956D46DE8}") = "Web", "Web", "{1BD34660-7DD5-4663-8B76-3485A16B099B}"
EndProject
Project("{9A19103F-16F7-4668-BE54-9A1E7A4F7556}") = "Vulcan.Web", "src\Web\Vulcan.Web\Vulcan.Web.csproj", "{C4585B61-6AE2-4461-B12E-96DA75132CE5}"
EndProject
Project("{9A19103F-16F7-4668-BE54-9A1E7A4F7556}") = "Pantheon.Identity", "src\Infrastructure\Pantheon.Identity\Pantheon.Identity.csproj", "{6D5616E9-BD58-46D3-B822-8FAE19BD7432}"
EndProject
Global
	GlobalSection(SolutionConfigurationPlatforms) = preSolution
		Debug|Any CPU = Debug|Any CPU
		Debug|x64 = Debug|x64
		Debug|x86 = Debug|x86
		Release|Any CPU = Release|Any CPU
		Release|x64 = Release|x64
		Release|x86 = Release|x86
	EndGlobalSection
	GlobalSection(ProjectConfigurationPlatforms) = postSolution
		{B02301F2-4775-4D52-BA7B-B364A3521DC6}.Debug|Any CPU.ActiveCfg = Debug|Any CPU
		{B02301F2-4775-4D52-BA7B-B364A3521DC6}.Debug|Any CPU.Build.0 = Debug|Any CPU
		{B02301F2-4775-4D52-BA7B-B364A3521DC6}.Debug|x64.ActiveCfg = Debug|Any CPU
		{B02301F2-4775-4D52-BA7B-B364A3521DC6}.Debug|x64.Build.0 = Debug|Any CPU
		{B02301F2-4775-4D52-BA7B-B364A3521DC6}.Debug|x86.ActiveCfg = Debug|Any CPU
		{B02301F2-4775-4D52-BA7B-B364A3521DC6}.Debug|x86.Build.0 = Debug|Any CPU
		{B02301F2-4775-4D52-BA7B-B364A3521DC6}.Release|Any CPU.ActiveCfg = Release|Any CPU
		{B02301F2-4775-4D52-BA7B-B364A3521DC6}.Release|Any CPU.Build.0 = Release|Any CPU
		{B02301F2-4775-4D52-BA7B-B364A3521DC6}.Release|x64.ActiveCfg = Release|Any CPU
		{B02301F2-4775-4D52-BA7B-B364A3521DC6}.Release|x64.Build.0 = Release|Any CPU
		{B02301F2-4775-4D52-BA7B-B364A3521DC6}.Release|x86.ActiveCfg = Release|Any CPU
		{B02301F2-4775-4D52-BA7B-B364A3521DC6}.Release|x86.Build.0 = Release|Any CPU
		{C63B00A7-BF67-44D2-8A93-50BA1F2D1907}.Debug|Any CPU.ActiveCfg = Debug|Any CPU
		{C63B00A7-BF67-44D2-8A93-50BA1F2D1907}.Debug|Any CPU.Build.0 = Debug|Any CPU
		{C63B00A7-BF67-44D2-8A93-50BA1F2D1907}.Debug|x64.ActiveCfg = Debug|Any CPU
		{C63B00A7-BF67-44D2-8A93-50BA1F2D1907}.Debug|x64.Build.0 = Debug|Any CPU
		{C63B00A7-BF67-44D2-8A93-50BA1F2D1907}.Debug|x86.ActiveCfg = Debug|Any CPU
		{C63B00A7-BF67-44D2-8A93-50BA1F2D1907}.Debug|x86.Build.0 = Debug|Any CPU
		{C63B00A7-BF67-44D2-8A93-50BA1F2D1907}.Release|Any CPU.ActiveCfg = Release|Any CPU
		{C63B00A7-BF67-44D2-8A93-50BA1F2D1907}.Release|Any CPU.Build.0 = Release|Any CPU
		{C63B00A7-BF67-44D2-8A93-50BA1F2D1907}.Release|x64.ActiveCfg = Release|Any CPU
		{C63B00A7-BF67-44D2-8A93-50BA1F2D1907}.Release|x64.Build.0 = Release|Any CPU
		{C63B00A7-BF67-44D2-8A93-50BA1F2D1907}.Release|x86.ActiveCfg = Release|Any CPU
		{C63B00A7-BF67-44D2-8A93-50BA1F2D1907}.Release|x86.Build.0 = Release|Any CPU
		{9639142E-0084-4362-89D2-6F3151B9D2B3}.Debug|Any CPU.ActiveCfg = Debug|Any CPU
		{9639142E-0084-4362-89D2-6F3151B9D2B3}.Debug|Any CPU.Build.0 = Debug|Any CPU
		{9639142E-0084-4362-89D2-6F3151B9D2B3}.Debug|x64.ActiveCfg = Debug|Any CPU
		{9639142E-0084-4362-89D2-6F3151B9D2B3}.Debug|x64.Build.0 = Debug|Any CPU
		{9639142E-0084-4362-89D2-6F3151B9D2B3}.Debug|x86.ActiveCfg = Debug|Any CPU
		{9639142E-0084-4362-89D2-6F3151B9D2B3}.Debug|x86.Build.0 = Debug|Any CPU
		{9639142E-0084-4362-89D2-6F3151B9D2B3}.Release|Any CPU.ActiveCfg = Release|Any CPU
		{9639142E-0084-4362-89D2-6F3151B9D2B3}.Release|Any CPU.Build.0 = Release|Any CPU
		{9639142E-0084-4362-89D2-6F3151B9D2B3}.Release|x64.ActiveCfg = Release|Any CPU
		{9639142E-0084-4362-89D2-6F3151B9D2B3}.Release|x64.Build.0 = Release|Any CPU
		{9639142E-0084-4362-89D2-6F3151B9D2B3}.Release|x86.ActiveCfg = Release|Any CPU
		{9639142E-0084-4362-89D2-6F3151B9D2B3}.Release|x86.Build.0 = Release|Any CPU
		{C4585B61-6AE2-4461-B12E-96DA75132CE5}.Debug|Any CPU.ActiveCfg = Debug|Any CPU
		{C4585B61-6AE2-4461-B12E-96DA75132CE5}.Debug|Any CPU.Build.0 = Debug|Any CPU
		{C4585B61-6AE2-4461-B12E-96DA75132CE5}.Debug|x64.ActiveCfg = Debug|Any CPU
		{C4585B61-6AE2-4461-B12E-96DA75132CE5}.Debug|x64.Build.0 = Debug|Any CPU
		{C4585B61-6AE2-4461-B12E-96DA75132CE5}.Debug|x86.ActiveCfg = Debug|Any CPU
		{C4585B61-6AE2-4461-B12E-96DA75132CE5}.Debug|x86.Build.0 = Debug|Any CPU
		{C4585B61-6AE2-4461-B12E-96DA75132CE5}.Release|Any CPU.ActiveCfg = Release|Any CPU
		{C4585B61-6AE2-4461-B12E-96DA75132CE5}.Release|Any CPU.Build.0 = Release|Any CPU
		{C4585B61-6AE2-4461-B12E-96DA75132CE5}.Release|x64.ActiveCfg = Release|Any CPU
		{C4585B61-6AE2-4461-B12E-96DA75132CE5}.Release|x64.Build.0 = Release|Any CPU
		{C4585B61-6AE2-4461-B12E-96DA75132CE5}.Release|x86.ActiveCfg = Release|Any CPU
		{C4585B61-6AE2-4461-B12E-96DA75132CE5}.Release|x86.Build.0 = Release|Any CPU
		{6D5616E9-BD58-46D3-B822-8FAE19BD7432}.Debug|Any CPU.ActiveCfg = Debug|Any CPU
		{6D5616E9-BD58-46D3-B822-8FAE19BD7432}.Debug|Any CPU.Build.0 = Debug|Any CPU
		{6D5616E9-BD58-46D3-B822-8FAE19BD7432}.Debug|x64.ActiveCfg = Debug|Any CPU
		{6D5616E9-BD58-46D3-B822-8FAE19BD7432}.Debug|x64.Build.0 = Debug|Any CPU
		{6D5616E9-BD58-46D3-B822-8FAE19BD7432}.Debug|x86.ActiveCfg = Debug|Any CPU
		{6D5616E9-BD58-46D3-B822-8FAE19BD7432}.Debug|x86.Build.0 = Debug|Any CPU
		{6D5616E9-BD58-46D3-B822-8FAE19BD7432}.Release|Any CPU.ActiveCfg = Release|Any CPU
		{6D5616E9-BD58-46D3-B822-8FAE19BD7432}.Release|Any CPU.Build.0 = Release|Any CPU
		{6D5616E9-BD58-46D3-B822-8FAE19BD7432}.Release|x64.ActiveCfg = Release|Any CPU
		{6D5616E9-BD58-46D3-B822-8FAE19BD7432}.Release|x64.Build.0 = Release|Any CPU
		{6D5616E9-BD58-46D3-B822-8FAE19BD7432}.Release|x86.ActiveCfg = Release|Any CPU
		{6D5616E9-BD58-46D3-B822-8FAE19BD7432}.Release|x86.Build.0 = Release|Any CPU
	EndGlobalSection
	GlobalSection(SolutionProperties) = preSolution
		HideSolutionNode = FALSE
	EndGlobalSection
	GlobalSection(NestedProjects) = preSolution
		{3CF29844-1C7B-4E9F-A9FA-E1CD32C1757B} = {ACDD6628-8866-475C-9746-74E84A108BA4}
		{B02301F2-4775-4D52-BA7B-B364A3521DC6} = {3CF29844-1C7B-4E9F-A9FA-E1CD32C1757B}
		{73F0C72F-6D67-4776-8A6F-DA37B220B129} = {ACDD6628-8866-475C-9746-74E84A108BA4}
		{C63B00A7-BF67-44D2-8A93-50BA1F2D1907} = {73F0C72F-6D67-4776-8A6F-DA37B220B129}
		{4266A9A1-D609-4012-9217-047CF39AB4EC} = {ACDD6628-8866-475C-9746-74E84A108BA4}
		{9639142E-0084-4362-89D2-6F3151B9D2B3} = {4266A9A1-D609-4012-9217-047CF39AB4EC}
		{1BD34660-7DD5-4663-8B76-3485A16B099B} = {ACDD6628-8866-475C-9746-74E84A108BA4}
		{C4585B61-6AE2-4461-B12E-96DA75132CE5} = {1BD34660-7DD5-4663-8B76-3485A16B099B}
		{6D5616E9-BD58-46D3-B822-8FAE19BD7432} = {73F0C72F-6D67-4776-8A6F-DA37B220B129}
	EndGlobalSection
	GlobalSection(ExtensibilityGlobals) = postSolution
		SolutionGuid = {7F166168-2B7F-4646-B003-C6C8AEEAB9A9}
	EndGlobalSection
EndGlobal
